// !$*UTF8*$!
{
	archiveVersion = 1;
	classes = {
	};
	objectVersion = 46;
	objects = {

/* Begin PBXBuildFile section */
		49486C1F1EB9CD39003AD4E7 /* TripsViewController.swift in Sources */ = {isa = PBXBuildFile; fileRef = 49486C1E1EB9CD39003AD4E7 /* TripsViewController.swift */; };
		49486C211EB9CD48003AD4E7 /* TripsDetailViewController.swift in Sources */ = {isa = PBXBuildFile; fileRef = 49486C201EB9CD48003AD4E7 /* TripsDetailViewController.swift */; };
		49486C231EB9D2CC003AD4E7 /* Trip.swift in Sources */ = {isa = PBXBuildFile; fileRef = 49486C221EB9D2CC003AD4E7 /* Trip.swift */; };
		49DDB6B21EB9C632008F3D15 /* AppDelegate.swift in Sources */ = {isa = PBXBuildFile; fileRef = 49DDB6B11EB9C632008F3D15 /* AppDelegate.swift */; };
		49DDB6B41EB9C632008F3D15 /* ViewController.swift in Sources */ = {isa = PBXBuildFile; fileRef = 49DDB6B31EB9C632008F3D15 /* ViewController.swift */; };
		49DDB6B71EB9C632008F3D15 /* Main.storyboard in Resources */ = {isa = PBXBuildFile; fileRef = 49DDB6B51EB9C632008F3D15 /* Main.storyboard */; };
		49DDB6BA1EB9C632008F3D15 /* TripGallery.xcdatamodeld in Sources */ = {isa = PBXBuildFile; fileRef = 49DDB6B81EB9C632008F3D15 /* TripGallery.xcdatamodeld */; };
		49DDB6BC1EB9C632008F3D15 /* Assets.xcassets in Resources */ = {isa = PBXBuildFile; fileRef = 49DDB6BB1EB9C632008F3D15 /* Assets.xcassets */; };
		49DDB6BF1EB9C632008F3D15 /* LaunchScreen.storyboard in Resources */ = {isa = PBXBuildFile; fileRef = 49DDB6BD1EB9C632008F3D15 /* LaunchScreen.storyboard */; };
		49DDB6CA1EB9C632008F3D15 /* TripGalleryTests.swift in Sources */ = {isa = PBXBuildFile; fileRef = 49DDB6C91EB9C632008F3D15 /* TripGalleryTests.swift */; };
		49DDB6D51EB9C632008F3D15 /* TripGalleryUITests.swift in Sources */ = {isa = PBXBuildFile; fileRef = 49DDB6D41EB9C632008F3D15 /* TripGalleryUITests.swift */; };
		953304FF20C27EB0008471DD /* MapKit.framework in Frameworks */ = {isa = PBXBuildFile; fileRef = 953304FE20C27EB0008471DD /* MapKit.framework */; };
		9533050120C283B8008471DD /* TripsMapViewController.swift in Sources */ = {isa = PBXBuildFile; fileRef = 9533050020C283B8008471DD /* TripsMapViewController.swift */; };
		9533050320C28B8C008471DD /* LocationService.swift in Sources */ = {isa = PBXBuildFile; fileRef = 9533050220C28B8C008471DD /* LocationService.swift */; };
		9533050520C28BE4008471DD /* TripAnnotation.swift in Sources */ = {isa = PBXBuildFile; fileRef = 9533050420C28BE4008471DD /* TripAnnotation.swift */; };
/* End PBXBuildFile section */

/* Begin PBXContainerItemProxy section */
		49DDB6C61EB9C632008F3D15 /* PBXContainerItemProxy */ = {
			isa = PBXContainerItemProxy;
			containerPortal = 49DDB6A61EB9C632008F3D15 /* Project object */;
			proxyType = 1;
			remoteGlobalIDString = 49DDB6AD1EB9C632008F3D15;
			remoteInfo = TripGallery;
		};
		49DDB6D11EB9C632008F3D15 /* PBXContainerItemProxy */ = {
			isa = PBXContainerItemProxy;
			containerPortal = 49DDB6A61EB9C632008F3D15 /* Project object */;
			proxyType = 1;
			remoteGlobalIDString = 49DDB6AD1EB9C632008F3D15;
			remoteInfo = TripGallery;
		};
/* End PBXContainerItemProxy section */

/* Begin PBXFileReference section */
		49486C1E1EB9CD39003AD4E7 /* TripsViewController.swift */ = {isa = PBXFileReference; fileEncoding = 4; lastKnownFileType = sourcecode.swift; path = TripsViewController.swift; sourceTree = "<group>"; };
		49486C201EB9CD48003AD4E7 /* TripsDetailViewController.swift */ = {isa = PBXFileReference; fileEncoding = 4; lastKnownFileType = sourcecode.swift; path = TripsDetailViewController.swift; sourceTree = "<group>"; };
		49486C221EB9D2CC003AD4E7 /* Trip.swift */ = {isa = PBXFileReference; fileEncoding = 4; lastKnownFileType = sourcecode.swift; path = Trip.swift; sourceTree = "<group>"; };
		49DDB6AE1EB9C632008F3D15 /* TripGallery.app */ = {isa = PBXFileReference; explicitFileType = wrapper.application; includeInIndex = 0; path = TripGallery.app; sourceTree = BUILT_PRODUCTS_DIR; };
		49DDB6B11EB9C632008F3D15 /* AppDelegate.swift */ = {isa = PBXFileReference; lastKnownFileType = sourcecode.swift; path = AppDelegate.swift; sourceTree = "<group>"; };
		49DDB6B31EB9C632008F3D15 /* ViewController.swift */ = {isa = PBXFileReference; lastKnownFileType = sourcecode.swift; path = ViewController.swift; sourceTree = "<group>"; };
		49DDB6B61EB9C632008F3D15 /* Base */ = {isa = PBXFileReference; lastKnownFileType = file.storyboard; name = Base; path = Base.lproj/Main.storyboard; sourceTree = "<group>"; };
		49DDB6B91EB9C632008F3D15 /* TripGallery.xcdatamodel */ = {isa = PBXFileReference; lastKnownFileType = wrapper.xcdatamodel; path = TripGallery.xcdatamodel; sourceTree = "<group>"; };
		49DDB6BB1EB9C632008F3D15 /* Assets.xcassets */ = {isa = PBXFileReference; lastKnownFileType = folder.assetcatalog; path = Assets.xcassets; sourceTree = "<group>"; };
		49DDB6BE1EB9C632008F3D15 /* Base */ = {isa = PBXFileReference; lastKnownFileType = file.storyboard; name = Base; path = Base.lproj/LaunchScreen.storyboard; sourceTree = "<group>"; };
		49DDB6C01EB9C632008F3D15 /* Info.plist */ = {isa = PBXFileReference; lastKnownFileType = text.plist.xml; path = Info.plist; sourceTree = "<group>"; };
		49DDB6C51EB9C632008F3D15 /* TripGalleryTests.xctest */ = {isa = PBXFileReference; explicitFileType = wrapper.cfbundle; includeInIndex = 0; path = TripGalleryTests.xctest; sourceTree = BUILT_PRODUCTS_DIR; };
		49DDB6C91EB9C632008F3D15 /* TripGalleryTests.swift */ = {isa = PBXFileReference; lastKnownFileType = sourcecode.swift; path = TripGalleryTests.swift; sourceTree = "<group>"; };
		49DDB6CB1EB9C632008F3D15 /* Info.plist */ = {isa = PBXFileReference; lastKnownFileType = text.plist.xml; path = Info.plist; sourceTree = "<group>"; };
		49DDB6D01EB9C632008F3D15 /* TripGalleryUITests.xctest */ = {isa = PBXFileReference; explicitFileType = wrapper.cfbundle; includeInIndex = 0; path = TripGalleryUITests.xctest; sourceTree = BUILT_PRODUCTS_DIR; };
		49DDB6D41EB9C632008F3D15 /* TripGalleryUITests.swift */ = {isa = PBXFileReference; lastKnownFileType = sourcecode.swift; path = TripGalleryUITests.swift; sourceTree = "<group>"; };
		49DDB6D61EB9C632008F3D15 /* Info.plist */ = {isa = PBXFileReference; lastKnownFileType = text.plist.xml; path = Info.plist; sourceTree = "<group>"; };
		953304FE20C27EB0008471DD /* MapKit.framework */ = {isa = PBXFileReference; lastKnownFileType = wrapper.framework; name = MapKit.framework; path = System/Library/Frameworks/MapKit.framework; sourceTree = SDKROOT; };
		9533050020C283B8008471DD /* TripsMapViewController.swift */ = {isa = PBXFileReference; lastKnownFileType = sourcecode.swift; path = TripsMapViewController.swift; sourceTree = "<group>"; };
		9533050220C28B8C008471DD /* LocationService.swift */ = {isa = PBXFileReference; lastKnownFileType = sourcecode.swift; path = LocationService.swift; sourceTree = "<group>"; };
		9533050420C28BE4008471DD /* TripAnnotation.swift */ = {isa = PBXFileReference; lastKnownFileType = sourcecode.swift; path = TripAnnotation.swift; sourceTree = "<group>"; };
/* End PBXFileReference section */

/* Begin PBXFrameworksBuildPhase section */
		49DDB6AB1EB9C632008F3D15 /* Frameworks */ = {
			isa = PBXFrameworksBuildPhase;
			buildActionMask = 2147483647;
			files = (
				953304FF20C27EB0008471DD /* MapKit.framework in Frameworks */,
			);
			runOnlyForDeploymentPostprocessing = 0;
		};
		49DDB6C21EB9C632008F3D15 /* Frameworks */ = {
			isa = PBXFrameworksBuildPhase;
			buildActionMask = 2147483647;
			files = (
			);
			runOnlyForDeploymentPostprocessing = 0;
		};
		49DDB6CD1EB9C632008F3D15 /* Frameworks */ = {
			isa = PBXFrameworksBuildPhase;
			buildActionMask = 2147483647;
			files = (
			);
			runOnlyForDeploymentPostprocessing = 0;
		};
/* End PBXFrameworksBuildPhase section */

/* Begin PBXGroup section */
		49DDB6A51EB9C632008F3D15 = {
			isa = PBXGroup;
			children = (
				49DDB6B01EB9C632008F3D15 /* TripGallery */,
				49DDB6C81EB9C632008F3D15 /* TripGalleryTests */,
				49DDB6D31EB9C632008F3D15 /* TripGalleryUITests */,
				49DDB6AF1EB9C632008F3D15 /* Products */,
				953304FD20C27EB0008471DD /* Frameworks */,
			);
			sourceTree = "<group>";
		};
		49DDB6AF1EB9C632008F3D15 /* Products */ = {
			isa = PBXGroup;
			children = (
				49DDB6AE1EB9C632008F3D15 /* TripGallery.app */,
				49DDB6C51EB9C632008F3D15 /* TripGalleryTests.xctest */,
				49DDB6D01EB9C632008F3D15 /* TripGalleryUITests.xctest */,
			);
			name = Products;
			sourceTree = "<group>";
		};
		49DDB6B01EB9C632008F3D15 /* TripGallery */ = {
			isa = PBXGroup;
			children = (
				49DDB6B11EB9C632008F3D15 /* AppDelegate.swift */,
				9533050020C283B8008471DD /* TripsMapViewController.swift */,
				49DDB6B31EB9C632008F3D15 /* ViewController.swift */,
				49DDB6B51EB9C632008F3D15 /* Main.storyboard */,
				49486C221EB9D2CC003AD4E7 /* Trip.swift */,
				49486C1E1EB9CD39003AD4E7 /* TripsViewController.swift */,
				49486C201EB9CD48003AD4E7 /* TripsDetailViewController.swift */,
				49DDB6BB1EB9C632008F3D15 /* Assets.xcassets */,
				49DDB6BD1EB9C632008F3D15 /* LaunchScreen.storyboard */,
				49DDB6C01EB9C632008F3D15 /* Info.plist */,
				49DDB6B81EB9C632008F3D15 /* TripGallery.xcdatamodeld */,
				9533050220C28B8C008471DD /* LocationService.swift */,
				9533050420C28BE4008471DD /* TripAnnotation.swift */,
			);
			path = TripGallery;
			sourceTree = "<group>";
		};
		49DDB6C81EB9C632008F3D15 /* TripGalleryTests */ = {
			isa = PBXGroup;
			children = (
				49DDB6C91EB9C632008F3D15 /* TripGalleryTests.swift */,
				49DDB6CB1EB9C632008F3D15 /* Info.plist */,
			);
			path = TripGalleryTests;
			sourceTree = "<group>";
		};
		49DDB6D31EB9C632008F3D15 /* TripGalleryUITests */ = {
			isa = PBXGroup;
			children = (
				49DDB6D41EB9C632008F3D15 /* TripGalleryUITests.swift */,
				49DDB6D61EB9C632008F3D15 /* Info.plist */,
			);
			path = TripGalleryUITests;
			sourceTree = "<group>";
		};
		953304FD20C27EB0008471DD /* Frameworks */ = {
			isa = PBXGroup;
			children = (
				953304FE20C27EB0008471DD /* MapKit.framework */,
			);
			name = Frameworks;
			sourceTree = "<group>";
		};
/* End PBXGroup section */

/* Begin PBXNativeTarget section */
		49DDB6AD1EB9C632008F3D15 /* TripGallery */ = {
			isa = PBXNativeTarget;
			buildConfigurationList = 49DDB6D91EB9C632008F3D15 /* Build configuration list for PBXNativeTarget "TripGallery" */;
			buildPhases = (
				49DDB6AA1EB9C632008F3D15 /* Sources */,
				49DDB6AB1EB9C632008F3D15 /* Frameworks */,
				49DDB6AC1EB9C632008F3D15 /* Resources */,
			);
			buildRules = (
			);
			dependencies = (
			);
			name = TripGallery;
			productName = TripGallery;
			productReference = 49DDB6AE1EB9C632008F3D15 /* TripGallery.app */;
			productType = "com.apple.product-type.application";
		};
		49DDB6C41EB9C632008F3D15 /* TripGalleryTests */ = {
			isa = PBXNativeTarget;
			buildConfigurationList = 49DDB6DC1EB9C632008F3D15 /* Build configuration list for PBXNativeTarget "TripGalleryTests" */;
			buildPhases = (
				49DDB6C11EB9C632008F3D15 /* Sources */,
				49DDB6C21EB9C632008F3D15 /* Frameworks */,
				49DDB6C31EB9C632008F3D15 /* Resources */,
			);
			buildRules = (
			);
			dependencies = (
				49DDB6C71EB9C632008F3D15 /* PBXTargetDependency */,
			);
			name = TripGalleryTests;
			productName = TripGalleryTests;
			productReference = 49DDB6C51EB9C632008F3D15 /* TripGalleryTests.xctest */;
			productType = "com.apple.product-type.bundle.unit-test";
		};
		49DDB6CF1EB9C632008F3D15 /* TripGalleryUITests */ = {
			isa = PBXNativeTarget;
			buildConfigurationList = 49DDB6DF1EB9C632008F3D15 /* Build configuration list for PBXNativeTarget "TripGalleryUITests" */;
			buildPhases = (
				49DDB6CC1EB9C632008F3D15 /* Sources */,
				49DDB6CD1EB9C632008F3D15 /* Frameworks */,
				49DDB6CE1EB9C632008F3D15 /* Resources */,
			);
			buildRules = (
			);
			dependencies = (
				49DDB6D21EB9C632008F3D15 /* PBXTargetDependency */,
			);
			name = TripGalleryUITests;
			productName = TripGalleryUITests;
			productReference = 49DDB6D01EB9C632008F3D15 /* TripGalleryUITests.xctest */;
			productType = "com.apple.product-type.bundle.ui-testing";
		};
/* End PBXNativeTarget section */

/* Begin PBXProject section */
		49DDB6A61EB9C632008F3D15 /* Project object */ = {
			isa = PBXProject;
			attributes = {
				LastSwiftUpdateCheck = 0830;
				LastUpgradeCheck = 0830;
				ORGANIZATIONNAME = "";
				TargetAttributes = {
					49DDB6AD1EB9C632008F3D15 = {
						CreatedOnToolsVersion = 8.3.2;
						DevelopmentTeam = GG8XS7P3WW;
						ProvisioningStyle = Automatic;
						SystemCapabilities = {
							com.apple.Maps.iOS = {
								enabled = 1;
							};
						};
					};
					49DDB6C41EB9C632008F3D15 = {
						CreatedOnToolsVersion = 8.3.2;
						DevelopmentTeam = GG8XS7P3WW;
						ProvisioningStyle = Automatic;
						TestTargetID = 49DDB6AD1EB9C632008F3D15;
					};
					49DDB6CF1EB9C632008F3D15 = {
						CreatedOnToolsVersion = 8.3.2;
						DevelopmentTeam = GG8XS7P3WW;
						ProvisioningStyle = Automatic;
						TestTargetID = 49DDB6AD1EB9C632008F3D15;
					};
				};
			};
			buildConfigurationList = 49DDB6A91EB9C632008F3D15 /* Build configuration list for PBXProject "TripGallery" */;
			compatibilityVersion = "Xcode 3.2";
			developmentRegion = English;
			hasScannedForEncodings = 0;
			knownRegions = (
				en,
				Base,
			);
			mainGroup = 49DDB6A51EB9C632008F3D15;
			productRefGroup = 49DDB6AF1EB9C632008F3D15 /* Products */;
			projectDirPath = "";
			projectRoot = "";
			targets = (
				49DDB6AD1EB9C632008F3D15 /* TripGallery */,
				49DDB6C41EB9C632008F3D15 /* TripGalleryTests */,
				49DDB6CF1EB9C632008F3D15 /* TripGalleryUITests */,
			);
		};
/* End PBXProject section */

/* Begin PBXResourcesBuildPhase section */
		49DDB6AC1EB9C632008F3D15 /* Resources */ = {
			isa = PBXResourcesBuildPhase;
			buildActionMask = 2147483647;
			files = (
				49DDB6BF1EB9C632008F3D15 /* LaunchScreen.storyboard in Resources */,
				49DDB6BC1EB9C632008F3D15 /* Assets.xcassets in Resources */,
				49DDB6B71EB9C632008F3D15 /* Main.storyboard in Resources */,
			);
			runOnlyForDeploymentPostprocessing = 0;
		};
		49DDB6C31EB9C632008F3D15 /* Resources */ = {
			isa = PBXResourcesBuildPhase;
			buildActionMask = 2147483647;
			files = (
			);
			runOnlyForDeploymentPostprocessing = 0;
		};
		49DDB6CE1EB9C632008F3D15 /* Resources */ = {
			isa = PBXResourcesBuildPhase;
			buildActionMask = 2147483647;
			files = (
			);
			runOnlyForDeploymentPostprocessing = 0;
		};
/* End PBXResourcesBuildPhase section */

/* Begin PBXSourcesBuildPhase section */
		49DDB6AA1EB9C632008F3D15 /* Sources */ = {
			isa = PBXSourcesBuildPhase;
			buildActionMask = 2147483647;
			files = (
				49486C231EB9D2CC003AD4E7 /* Trip.swift in Sources */,
				49DDB6B41EB9C632008F3D15 /* ViewController.swift in Sources */,
				9533050320C28B8C008471DD /* LocationService.swift in Sources */,
				9533050520C28BE4008471DD /* TripAnnotation.swift in Sources */,
				49DDB6BA1EB9C632008F3D15 /* TripGallery.xcdatamodeld in Sources */,
				49486C1F1EB9CD39003AD4E7 /* TripsViewController.swift in Sources */,
				49DDB6B21EB9C632008F3D15 /* AppDelegate.swift in Sources */,
				49486C211EB9CD48003AD4E7 /* TripsDetailViewController.swift in Sources */,
				9533050120C283B8008471DD /* TripsMapViewController.swift in Sources */,
			);
			runOnlyForDeploymentPostprocessing = 0;
		};
		49DDB6C11EB9C632008F3D15 /* Sources */ = {
			isa = PBXSourcesBuildPhase;
			buildActionMask = 2147483647;
			files = (
				49DDB6CA1EB9C632008F3D15 /* TripGalleryTests.swift in Sources */,
			);
			runOnlyForDeploymentPostprocessing = 0;
		};
		49DDB6CC1EB9C632008F3D15 /* Sources */ = {
			isa = PBXSourcesBuildPhase;
			buildActionMask = 2147483647;
			files = (
				49DDB6D51EB9C632008F3D15 /* TripGalleryUITests.swift in Sources */,
			);
			runOnlyForDeploymentPostprocessing = 0;
		};
/* End PBXSourcesBuildPhase section */

/* Begin PBXTargetDependency section */
		49DDB6C71EB9C632008F3D15 /* PBXTargetDependency */ = {
			isa = PBXTargetDependency;
			target = 49DDB6AD1EB9C632008F3D15 /* TripGallery */;
			targetProxy = 49DDB6C61EB9C632008F3D15 /* PBXContainerItemProxy */;
		};
		49DDB6D21EB9C632008F3D15 /* PBXTargetDependency */ = {
			isa = PBXTargetDependency;
			target = 49DDB6AD1EB9C632008F3D15 /* TripGallery */;
			targetProxy = 49DDB6D11EB9C632008F3D15 /* PBXContainerItemProxy */;
		};
/* End PBXTargetDependency section */

/* Begin PBXVariantGroup section */
		49DDB6B51EB9C632008F3D15 /* Main.storyboard */ = {
			isa = PBXVariantGroup;
			children = (
				49DDB6B61EB9C632008F3D15 /* Base */,
			);
			name = Main.storyboard;
			sourceTree = "<group>";
		};
		49DDB6BD1EB9C632008F3D15 /* LaunchScreen.storyboard */ = {
			isa = PBXVariantGroup;
			children = (
				49DDB6BE1EB9C632008F3D15 /* Base */,
			);
			name = LaunchScreen.storyboard;
			sourceTree = "<group>";
		};
/* End PBXVariantGroup section */

/* Begin XCBuildConfiguration section */
		49DDB6D71EB9C632008F3D15 /* Debug */ = {
			isa = XCBuildConfiguration;
			buildSettings = {
				ALWAYS_SEARCH_USER_PATHS = NO;
				CLANG_ANALYZER_NONNULL = YES;
				CLANG_ANALYZER_NUMBER_OBJECT_CONVERSION = YES_AGGRESSIVE;
				CLANG_CXX_LANGUAGE_STANDARD = "gnu++0x";
				CLANG_CXX_LIBRARY = "libc++";
				CLANG_ENABLE_MODULES = YES;
				CLANG_ENABLE_OBJC_ARC = YES;
				CLANG_WARN_BOOL_CONVERSION = YES;
				CLANG_WARN_CONSTANT_CONVERSION = YES;
				CLANG_WARN_DIRECT_OBJC_ISA_USAGE = YES_ERROR;
				CLANG_WARN_DOCUMENTATION_COMMENTS = YES;
				CLANG_WARN_EMPTY_BODY = YES;
				CLANG_WARN_ENUM_CONVERSION = YES;
				CLANG_WARN_INFINITE_RECURSION = YES;
				CLANG_WARN_INT_CONVERSION = YES;
				CLANG_WARN_OBJC_ROOT_CLASS = YES_ERROR;
				CLANG_WARN_SUSPICIOUS_MOVE = YES;
				CLANG_WARN_UNREACHABLE_CODE = YES;
				CLANG_WARN__DUPLICATE_METHOD_MATCH = YES;
				"CODE_SIGN_IDENTITY[sdk=iphoneos*]" = "iPhone Developer";
				COPY_PHASE_STRIP = NO;
				DEBUG_INFORMATION_FORMAT = dwarf;
				ENABLE_STRICT_OBJC_MSGSEND = YES;
				ENABLE_TESTABILITY = YES;
				GCC_C_LANGUAGE_STANDARD = gnu99;
				GCC_DYNAMIC_NO_PIC = NO;
				GCC_NO_COMMON_BLOCKS = YES;
				GCC_OPTIMIZATION_LEVEL = 0;
				GCC_PREPROCESSOR_DEFINITIONS = (
					"DEBUG=1",
					"$(inherited)",
				);
				GCC_WARN_64_TO_32_BIT_CONVERSION = YES;
				GCC_WARN_ABOUT_RETURN_TYPE = YES_ERROR;
				GCC_WARN_UNDECLARED_SELECTOR = YES;
				GCC_WARN_UNINITIALIZED_AUTOS = YES_AGGRESSIVE;
				GCC_WARN_UNUSED_FUNCTION = YES;
				GCC_WARN_UNUSED_VARIABLE = YES;
				IPHONEOS_DEPLOYMENT_TARGET = 10.3;
				MTL_ENABLE_DEBUG_INFO = YES;
				ONLY_ACTIVE_ARCH = YES;
				SDKROOT = iphoneos;
				SWIFT_ACTIVE_COMPILATION_CONDITIONS = DEBUG;
				SWIFT_OPTIMIZATION_LEVEL = "-Onone";
			};
			name = Debug;
		};
		49DDB6D81EB9C632008F3D15 /* Release */ = {
			isa = XCBuildConfiguration;
			buildSettings = {
				ALWAYS_SEARCH_USER_PATHS = NO;
				CLANG_ANALYZER_NONNULL = YES;
				CLANG_ANALYZER_NUMBER_OBJECT_CONVERSION = YES_AGGRESSIVE;
				CLANG_CXX_LANGUAGE_STANDARD = "gnu++0x";
				CLANG_CXX_LIBRARY = "libc++";
				CLANG_ENABLE_MODULES = YES;
				CLANG_ENABLE_OBJC_ARC = YES;
				CLANG_WARN_BOOL_CONVERSION = YES;
				CLANG_WARN_CONSTANT_CONVERSION = YES;
				CLANG_WARN_DIRECT_OBJC_ISA_USAGE = YES_ERROR;
				CLANG_WARN_DOCUMENTATION_COMMENTS = YES;
				CLANG_WARN_EMPTY_BODY = YES;
				CLANG_WARN_ENUM_CONVERSION = YES;
				CLANG_WARN_INFINITE_RECURSION = YES;
				CLANG_WARN_INT_CONVERSION = YES;
				CLANG_WARN_OBJC_ROOT_CLASS = YES_ERROR;
				CLANG_WARN_SUSPICIOUS_MOVE = YES;
				CLANG_WARN_UNREACHABLE_CODE = YES;
				CLANG_WARN__DUPLICATE_METHOD_MATCH = YES;
				"CODE_SIGN_IDENTITY[sdk=iphoneos*]" = "iPhone Developer";
				COPY_PHASE_STRIP = NO;
				DEBUG_INFORMATION_FORMAT = "dwarf-with-dsym";
				ENABLE_NS_ASSERTIONS = NO;
				ENABLE_STRICT_OBJC_MSGSEND = YES;
				GCC_C_LANGUAGE_STANDARD = gnu99;
				GCC_NO_COMMON_BLOCKS = YES;
				GCC_WARN_64_TO_32_BIT_CONVERSION = YES;
				GCC_WARN_ABOUT_RETURN_TYPE = YES_ERROR;
				GCC_WARN_UNDECLARED_SELECTOR = YES;
				GCC_WARN_UNINITIALIZED_AUTOS = YES_AGGRESSIVE;
				GCC_WARN_UNUSED_FUNCTION = YES;
				GCC_WARN_UNUSED_VARIABLE = YES;
				IPHONEOS_DEPLOYMENT_TARGET = 10.3;
				MTL_ENABLE_DEBUG_INFO = NO;
				SDKROOT = iphoneos;
				SWIFT_OPTIMIZATION_LEVEL = "-Owholemodule";
				VALIDATE_PRODUCT = YES;
			};
			name = Release;
		};
		49DDB6DA1EB9C632008F3D15 /* Debug */ = {
			isa = XCBuildConfiguration;
			buildSettings = {
				ASSETCATALOG_COMPILER_APPICON_NAME = AppIcon;
				DEVELOPMENT_TEAM = GG8XS7P3WW;
				INFOPLIST_FILE = TripGallery/Info.plist;
				LD_RUNPATH_SEARCH_PATHS = "$(inherited) @executable_path/Frameworks";
				PRODUCT_BUNDLE_IDENTIFIER = com.gabby.TripGallery;
				PRODUCT_NAME = "$(TARGET_NAME)";
				SWIFT_VERSION = 3.0;
			};
			name = Debug;
		};
		49DDB6DB1EB9C632008F3D15 /* Release */ = {
			isa = XCBuildConfiguration;
			buildSettings = {
				ASSETCATALOG_COMPILER_APPICON_NAME = AppIcon;
				DEVELOPMENT_TEAM = GG8XS7P3WW;
				INFOPLIST_FILE = TripGallery/Info.plist;
				LD_RUNPATH_SEARCH_PATHS = "$(inherited) @executable_path/Frameworks";
				PRODUCT_BUNDLE_IDENTIFIER = com.gabby.TripGallery;
				PRODUCT_NAME = "$(TARGET_NAME)";
				SWIFT_VERSION = 3.0;
			};
			name = Release;
		};
		49DDB6DD1EB9C632008F3D15 /* Debug */ = {
			isa = XCBuildConfiguration;
			buildSettings = {
				ALWAYS_EMBED_SWIFT_STANDARD_LIBRARIES = YES;
				BUNDLE_LOADER = "$(TEST_HOST)";
				DEVELOPMENT_TEAM = GG8XS7P3WW;
				INFOPLIST_FILE = TripGalleryTests/Info.plist;
				LD_RUNPATH_SEARCH_PATHS = "$(inherited) @executable_path/Frameworks @loader_path/Frameworks";
				PRODUCT_BUNDLE_IDENTIFIER = AndrewBellamy.TripGalleryTests;
				PRODUCT_NAME = "$(TARGET_NAME)";
				SWIFT_VERSION = 3.0;
				TEST_HOST = "$(BUILT_PRODUCTS_DIR)/TripGallery.app/TripGallery";
			};
			name = Debug;
		};
		49DDB6DE1EB9C632008F3D15 /* Release */ = {
			isa = XCBuildConfiguration;
			buildSettings = {
				ALWAYS_EMBED_SWIFT_STANDARD_LIBRARIES = YES;
				BUNDLE_LOADER = "$(TEST_HOST)";
				DEVELOPMENT_TEAM = GG8XS7P3WW;
				INFOPLIST_FILE = TripGalleryTests/Info.plist;
				LD_RUNPATH_SEARCH_PATHS = "$(inherited) @executable_path/Frameworks @loader_path/Frameworks";
				PRODUCT_BUNDLE_IDENTIFIER = AndrewBellamy.TripGalleryTests;
				PRODUCT_NAME = "$(TARGET_NAME)";
				SWIFT_VERSION = 3.0;
				TEST_HOST = "$(BUILT_PRODUCTS_DIR)/TripGallery.app/TripGallery";
			};
			name = Release;
		};
		49DDB6E01EB9C632008F3D15 /* Debug */ = {
			isa = XCBuildConfiguration;
			buildSettings = {
				ALWAYS_EMBED_SWIFT_STANDARD_LIBRARIES = YES;
				DEVELOPMENT_TEAM = GG8XS7P3WW;
				INFOPLIST_FILE = TripGalleryUITests/Info.plist;
				LD_RUNPATH_SEARCH_PATHS = "$(inherited) @executable_path/Frameworks @loader_path/Frameworks";
				PRODUCT_BUNDLE_IDENTIFIER = AndrewBellamy.TripGalleryUITests;
				PRODUCT_NAME = "$(TARGET_NAME)";
				SWIFT_VERSION = 3.0;
				TEST_TARGET_NAME = TripGallery;
			};
			name = Debug;
		};
		49DDB6E11EB9C632008F3D15 /* Release */ = {
			isa = XCBuildConfiguration;
			buildSettings = {
				ALWAYS_EMBED_SWIFT_STANDARD_LIBRARIES = YES;
				DEVELOPMENT_TEAM = GG8XS7P3WW;
				INFOPLIST_FILE = TripGalleryUITests/Info.plist;
				LD_RUNPATH_SEARCH_PATHS = "$(inherited) @executable_path/Frameworks @loader_path/Frameworks";
				PRODUCT_BUNDLE_IDENTIFIER = AndrewBellamy.TripGalleryUITests;
				PRODUCT_NAME = "$(TARGET_NAME)";
				SWIFT_VERSION = 3.0;
				TEST_TARGET_NAME = TripGallery;
			};
			name = Release;
		};
/* End XCBuildConfiguration section */

/* Begin XCConfigurationList section */
		49DDB6A91EB9C632008F3D15 /* Build configuration list for PBXProject "TripGallery" */ = {
			isa = XCConfigurationList;
			buildConfigurations = (
				49DDB6D71EB9C632008F3D15 /* Debug */,
				49DDB6D81EB9C632008F3D15 /* Release */,
			);
			defaultConfigurationIsVisible = 0;
			defaultConfigurationName = Release;
		};
		49DDB6D91EB9C632008F3D15 /* Build configuration list for PBXNativeTarget "TripGallery" */ = {
			isa = XCConfigurationList;
			buildConfigurations = (
				49DDB6DA1EB9C632008F3D15 /* Debug */,
				49DDB6DB1EB9C632008F3D15 /* Release */,
			);
			defaultConfigurationIsVisible = 0;
			defaultConfigurationName = Release;
		};
		49DDB6DC1EB9C632008F3D15 /* Build configuration list for PBXNativeTarget "TripGalleryTests" */ = {
			isa = XCConfigurationList;
			buildConfigurations = (
				49DDB6DD1EB9C632008F3D15 /* Debug */,
				49DDB6DE1EB9C632008F3D15 /* Release */,
			);
			defaultConfigurationIsVisible = 0;
			defaultConfigurationName = Release;
		};
		49DDB6DF1EB9C632008F3D15 /* Build configuration list for PBXNativeTarget "TripGalleryUITests" */ = {
			isa = XCConfigurationList;
			buildConfigurations = (
				49DDB6E01EB9C632008F3D15 /* Debug */,
				49DDB6E11EB9C632008F3D15 /* Release */,
			);
			defaultConfigurationIsVisible = 0;
			defaultConfigurationName = Release;
		};
/* End XCConfigurationList section */

/* Begin XCVersionGroup section */
		49DDB6B81EB9C632008F3D15 /* TripGallery.xcdatamodeld */ = {
			isa = XCVersionGroup;
			children = (
				49DDB6B91EB9C632008F3D15 /* TripGallery.xcdatamodel */,
			);
			currentVersion = 49DDB6B91EB9C632008F3D15 /* TripGallery.xcdatamodel */;
			path = TripGallery.xcdatamodeld;
			sourceTree = "<group>";
			versionGroupType = wrapper.xcdatamodel;
		};
/* End XCVersionGroup section */
	};
	rootObject = 49DDB6A61EB9C632008F3D15 /* Project object */;
}
